{
  "name": "convo.ai",
  "lockfileVersion": 3,
  "requires": true,
  "packages": {
    "": {
      "dependencies": {
        "deepseek-api": "^1.0.6"
      }
    },
    "node_modules/deepseek-api": {
      "version": "1.0.6",
      "resolved": "https://registry.npmjs.org/deepseek-api/-/deepseek-api-1.0.6.tgz",
      "integrity": "sha512-hGySKX5XpSGyWgl8SivgD4SJPUISZSaMYHPtVE9Luyerr5HITgcDJyKG5yRMo9Iota3Ec8qrbXD540kc/lTfDw==",
      "license": "MIT"
    }
  }
}
